
Microsoft Visual Studio Solution File, Format Version 11.00
# Visual Studio 2010
Project("{FAE04EC0-301F-11D3-BF4B-00C04F79EFBC}") = "TrollTrump", "Assembly-CSharp.csproj", "{A3AB6233-40D8-62D2-1D43-2E773536C1DA}"
EndProject
Project("{FAE04EC0-301F-11D3-BF4B-00C04F79EFBC}") = "TrollTrump", "Assembly-CSharp-Editor.csproj", "{036B2A54-8452-DB49-15DB-63CD0B26E14F}"
EndProject
Global
	GlobalSection(SolutionConfigurationPlatforms) = preSolution
		Debug|Any CPU = Debug|Any CPU
		Release|Any CPU = Release|Any CPU
	EndGlobalSection
	GlobalSection(ProjectConfigurationPlatforms) = postSolution
		{A3AB6233-40D8-62D2-1D43-2E773536C1DA}.Debug|Any CPU.ActiveCfg = Debug|Any CPU
		{A3AB6233-40D8-62D2-1D43-2E773536C1DA}.Debug|Any CPU.Build.0 = Debug|Any CPU
		{A3AB6233-40D8-62D2-1D43-2E773536C1DA}.Release|Any CPU.ActiveCfg = Release|Any CPU
		{A3AB6233-40D8-62D2-1D43-2E773536C1DA}.Release|Any CPU.Build.0 = Release|Any CPU
		{036B2A54-8452-DB49-15DB-63CD0B26E14F}.Debug|Any CPU.ActiveCfg = Debug|Any CPU
		{036B2A54-8452-DB49-15DB-63CD0B26E14F}.Debug|Any CPU.Build.0 = Debug|Any CPU
		{036B2A54-8452-DB49-15DB-63CD0B26E14F}.Release|Any CPU.ActiveCfg = Release|Any CPU
		{036B2A54-8452-DB49-15DB-63CD0B26E14F}.Release|Any CPU.Build.0 = Release|Any CPU
	EndGlobalSection
	GlobalSection(SolutionProperties) = preSolution
		HideSolutionNode = FALSE
	EndGlobalSection
	GlobalSection(MonoDevelopProperties) = preSolution
		StartupItem = Assembly-CSharp.csproj
	EndGlobalSection
EndGlobal
